
Microsoft Visual Studio Solution File, Format Version 12.00
# Visual Studio Version 16
VisualStudioVersion = 16.0.30114.105
MinimumVisualStudioVersion = 10.0.40219.1
Project("{2150E333-8FDC-42A3-9474-1A3956D46DE8}") = "src", "src", "{CAF5EDDC-F419-4FCE-ADB0-D3A4F67FE52F}"
EndProject
Project("{FAE04EC0-301F-11D3-BF4B-00C04F79EFBC}") = "Consumer", "src\Consumer\Consumer.csproj", "{F4739100-70BA-4375-BB5E-979BF3FC85A1}"
EndProject
Project("{FAE04EC0-301F-11D3-BF4B-00C04F79EFBC}") = "Producer", "src\Producer\Producer.csproj", "{8C44DECD-0D20-4CAB-8538-8927E381BC06}"
EndProject
Global
	GlobalSection(SolutionConfigurationPlatforms) = preSolution
		Debug|Any CPU = Debug|Any CPU
		Release|Any CPU = Release|Any CPU
	EndGlobalSection
	GlobalSection(SolutionProperties) = preSolution
		HideSolutionNode = FALSE
	EndGlobalSection
	GlobalSection(ProjectConfigurationPlatforms) = postSolution
		{F4739100-70BA-4375-BB5E-979BF3FC85A1}.Debug|Any CPU.ActiveCfg = Debug|Any CPU
		{F4739100-70BA-4375-BB5E-979BF3FC85A1}.Debug|Any CPU.Build.0 = Debug|Any CPU
		{F4739100-70BA-4375-BB5E-979BF3FC85A1}.Release|Any CPU.ActiveCfg = Release|Any CPU
		{F4739100-70BA-4375-BB5E-979BF3FC85A1}.Release|Any CPU.Build.0 = Release|Any CPU
		{8C44DECD-0D20-4CAB-8538-8927E381BC06}.Debug|Any CPU.ActiveCfg = Debug|Any CPU
		{8C44DECD-0D20-4CAB-8538-8927E381BC06}.Debug|Any CPU.Build.0 = Debug|Any CPU
		{8C44DECD-0D20-4CAB-8538-8927E381BC06}.Release|Any CPU.ActiveCfg = Release|Any CPU
		{8C44DECD-0D20-4CAB-8538-8927E381BC06}.Release|Any CPU.Build.0 = Release|Any CPU
	EndGlobalSection
	GlobalSection(NestedProjects) = preSolution
		{F4739100-70BA-4375-BB5E-979BF3FC85A1} = {CAF5EDDC-F419-4FCE-ADB0-D3A4F67FE52F}
		{8C44DECD-0D20-4CAB-8538-8927E381BC06} = {CAF5EDDC-F419-4FCE-ADB0-D3A4F67FE52F}
	EndGlobalSection
EndGlobal
